Microsoft Visual Studio Solution File, Format Version 12.00
# Visual Studio Version 17
VisualStudioVersion = 17.0.31912.275
MinimumVisualStudioVersion = 10.0.40219.1
Project("{9A19103F-16F7-4668-BE54-9A1E7A4F7556}") = "Zerotier.Gui", "src/Zerotier.Gui/Zerotier.Gui.csproj", "{E6DE8D47-5E23-4C7D-9B32-3DD0E05D3ACD}"
EndProject
Global
GlobalSection(SolutionConfigurationPlatforms) = preSolution
Debug|Any CPU = Debug|Any CPU
Release|Any CPU = Release|Any CPU
EndGlobalSection
GlobalSection(ProjectConfigurationPlatforms) = postSolution
{E6DE8D47-5E23-4C7D-9B32-3DD0E05D3ACD}.Debug|Any CPU.ActiveCfg = Debug|Any CPU
{E6DE8D47-5E23-4C7D-9B32-3DD0E05D3ACD}.Debug|Any CPU.Build.0 = Debug|Any CPU
{E6DE8D47-5E23-4C7D-9B32-3DD0E05D3ACD}.Release|Any CPU.ActiveCfg = Release|Any CPU
{E6DE8D47-5E23-4C7D-9B32-3DD0E05D3ACD}.Release|Any CPU.Build.0 = Release|Any CPU
EndGlobalSection
GlobalSection(SolutionProperties) = preSolution
HideSolutionNode = FALSE
EndGlobalSection
EndGlobal
